
Microsoft Visual Studio Solution File, Format Version 12.00
# Visual Studio Version 17
VisualStudioVersion = 17.5.33627.172
MinimumVisualStudioVersion = 10.0.40219.1
Project("{FAE04EC0-301F-11D3-BF4B-00C04F79EFBC}") = "SouvenirsORM", "SouvenirsORM.csproj", "{AC184813-3344-4B50-B914-E49AC5FBCD5F}"
EndProject
Global
	GlobalSection(SolutionConfigurationPlatforms) = preSolution
		Debug|Any CPU = Debug|Any CPU
		Release|Any CPU = Release|Any CPU
	EndGlobalSection
	GlobalSection(ProjectConfigurationPlatforms) = postSolution
		{AC184813-3344-4B50-B914-E49AC5FBCD5F}.Debug|Any CPU.ActiveCfg = Debug|Any CPU
		{AC184813-3344-4B50-B914-E49AC5FBCD5F}.Debug|Any CPU.Build.0 = Debug|Any CPU
		{AC184813-3344-4B50-B914-E49AC5FBCD5F}.Release|Any CPU.ActiveCfg = Release|Any CPU
		{AC184813-3344-4B50-B914-E49AC5FBCD5F}.Release|Any CPU.Build.0 = Release|Any CPU
	EndGlobalSection
	GlobalSection(SolutionProperties) = preSolution
		HideSolutionNode = FALSE
	EndGlobalSection
	GlobalSection(ExtensibilityGlobals) = postSolution
		SolutionGuid = {359413F1-6947-4353-B902-366F97BE4B05}
	EndGlobalSection
EndGlobal
